
Microsoft Visual Studio Solution File, Format Version 12.00
# Visual Studio Version 17
VisualStudioVersion = 17.4.33213.308
MinimumVisualStudioVersion = 10.0.40219.1
Project("{FAE04EC0-301F-11D3-BF4B-00C04F79EFBC}") = "RssReader.Android", "RssReader\RssReader.Android\RssReader.Android.csproj", "{A3564761-CBBD-4AC1-A356-028392D022A1}"
EndProject
Project("{FAE04EC0-301F-11D3-BF4B-00C04F79EFBC}") = "RssReader", "RssReader\RssReader\RssReader.csproj", "{5EB51759-6C29-417D-A5C7-08CB40BEECFA}"
EndProject
Global
	GlobalSection(SolutionConfigurationPlatforms) = preSolution
		Debug|Any CPU = Debug|Any CPU
		Release|Any CPU = Release|Any CPU
	EndGlobalSection
	GlobalSection(ProjectConfigurationPlatforms) = postSolution
		{A3564761-CBBD-4AC1-A356-028392D022A1}.Debug|Any CPU.ActiveCfg = Debug|Any CPU
		{A3564761-CBBD-4AC1-A356-028392D022A1}.Debug|Any CPU.Build.0 = Debug|Any CPU
		{A3564761-CBBD-4AC1-A356-028392D022A1}.Debug|Any CPU.Deploy.0 = Debug|Any CPU
		{A3564761-CBBD-4AC1-A356-028392D022A1}.Release|Any CPU.ActiveCfg = Release|Any CPU
		{A3564761-CBBD-4AC1-A356-028392D022A1}.Release|Any CPU.Build.0 = Release|Any CPU
		{A3564761-CBBD-4AC1-A356-028392D022A1}.Release|Any CPU.Deploy.0 = Release|Any CPU
		{5EB51759-6C29-417D-A5C7-08CB40BEECFA}.Debug|Any CPU.ActiveCfg = Debug|Any CPU
		{5EB51759-6C29-417D-A5C7-08CB40BEECFA}.Debug|Any CPU.Build.0 = Debug|Any CPU
		{5EB51759-6C29-417D-A5C7-08CB40BEECFA}.Debug|Any CPU.Deploy.0 = Debug|Any CPU
		{5EB51759-6C29-417D-A5C7-08CB40BEECFA}.Release|Any CPU.ActiveCfg = Release|Any CPU
		{5EB51759-6C29-417D-A5C7-08CB40BEECFA}.Release|Any CPU.Build.0 = Release|Any CPU
		{5EB51759-6C29-417D-A5C7-08CB40BEECFA}.Release|Any CPU.Deploy.0 = Release|Any CPU
	EndGlobalSection
	GlobalSection(SolutionProperties) = preSolution
		HideSolutionNode = FALSE
	EndGlobalSection
	GlobalSection(ExtensibilityGlobals) = postSolution
		SolutionGuid = {6AF3867B-41F6-4F47-9E04-BA31584B13D4}
	EndGlobalSection
EndGlobal
